
Microsoft Visual Studio Solution File, Format Version 12.00
# Visual Studio Version 16
VisualStudioVersion = 16.0.30225.117
MinimumVisualStudioVersion = 10.0.40219.1
Project("{9A19103F-16F7-4668-BE54-9A1E7A4F7556}") = "Fitness", "Fitness.csproj", "{5A15AD74-E39C-4A5A-B5EF-A9190A135882}"
EndProject
Global
	GlobalSection(SolutionConfigurationPlatforms) = preSolution
		Debug|Any CPU = Debug|Any CPU
		Release|Any CPU = Release|Any CPU
	EndGlobalSection
	GlobalSection(ProjectConfigurationPlatforms) = postSolution
		{5A15AD74-E39C-4A5A-B5EF-A9190A135882}.Debug|Any CPU.ActiveCfg = Debug|Any CPU
		{5A15AD74-E39C-4A5A-B5EF-A9190A135882}.Debug|Any CPU.Build.0 = Debug|Any CPU
		{5A15AD74-E39C-4A5A-B5EF-A9190A135882}.Release|Any CPU.ActiveCfg = Release|Any CPU
		{5A15AD74-E39C-4A5A-B5EF-A9190A135882}.Release|Any CPU.Build.0 = Release|Any CPU
	EndGlobalSection
	GlobalSection(SolutionProperties) = preSolution
		HideSolutionNode = FALSE
	EndGlobalSection
	GlobalSection(ExtensibilityGlobals) = postSolution
		SolutionGuid = {ECE2D9E0-2C28-4CB8-B82E-6F0CE5F8BDCB}
	EndGlobalSection
EndGlobal
